git.ali33.ru/fcg-xvii/go-tools v0.0.0-20240727074427-0856f1c40759 h1:pxakIkKkaHBObni4PCZYUaXR74RvNKeV9ShHGHAE/mQ=
git.ali33.ru/fcg-xvii/go-tools v0.0.0-20240727074427-0856f1c40759/go.mod h1:YbBhWFFNNQIKcRisQFnpVaN5KA+XHGImSU1Z/MuntqU=
git.ali33.ru/fcg-xvii/rest v1.15.0 h1:rxwOdPqn73Qj/hEmH9Os/9+C6JQfpHfO2cVIarchqDo=
git.ali33.ru/fcg-xvii/rest v1.15.0/go.mod h1:3hK4HxJ6THzp7Cm/1Y2PbnUhEuqdmeQ7707dyVn9Ilk=
github.com/dgrijalva/jwt-go v3.2.0+incompatible h1:7qlOGliEKZXTDg6OTjfoBKDXWrumCAMpl/TFQ4/5kLM=
github.com/dgrijalva/jwt-go v3.2.0+incompatible/go.mod h1:E3ru+11k8xSBh+hMPgOLZmtrrCbhqsmaPHjLKYnJCaQ=
github.com/google/uuid v1.6.0 h1:NIvaJDMOsjHA8n1jAhLSgzrAzy1Hgr+hNrb57e+94F0=
github.com/google/uuid v1.6.0/go.mod h1:TIyPZe4MgqvfeYDBFedMoGGpEw/LqOeaOT+nhxU+yHo=
github.com/gorilla/mux v1.8.1 h1:TuBL49tXwgrFYWhqrNgrUNEY92u81SPhu7sTdzQEiWY=
github.com/gorilla/mux v1.8.1/go.mod h1:AKf9I4AEqPTmMytcMc0KkNouC66V3BtZ4qD5fmWSiMQ=
github.com/gorilla/websocket v1.5.3 h1:saDtZ6Pbx/0u+bgYQ3q96pZgCzfhKXGPqt7kZ72aNNg=
github.com/gorilla/websocket v1.5.3/go.mod h1:YR8l580nyteQvAITg2hZ9XVh4b55+EU/adAjf1fMHhE=
